// !$*UTF8*$!
{
	archiveVersion = 1;
	classes = {
	};
	objectVersion = 50;
	objects = {

/* Begin PBXBuildFile section */
		D048FC68250170930005D3B3 /* AppDelegate.swift in Sources */ = {isa = PBXBuildFile; fileRef = D048FC67250170930005D3B3 /* AppDelegate.swift */; };
		D048FC6A250170930005D3B3 /* SceneDelegate.swift in Sources */ = {isa = PBXBuildFile; fileRef = D048FC69250170930005D3B3 /* SceneDelegate.swift */; };
		D048FC71250170960005D3B3 /* Assets.xcassets in Resources */ = {isa = PBXBuildFile; fileRef = D048FC70250170960005D3B3 /* Assets.xcassets */; };
		D048FC74250170960005D3B3 /* LaunchScreen.storyboard in Resources */ = {isa = PBXBuildFile; fileRef = D048FC72250170960005D3B3 /* LaunchScreen.storyboard */; };
		D048FC7C2501764A0005D3B3 /* SearchVC.swift in Sources */ = {isa = PBXBuildFile; fileRef = D048FC7B2501764A0005D3B3 /* SearchVC.swift */; };
		D048FC7E250176910005D3B3 /* FavoriteListVC.swift in Sources */ = {isa = PBXBuildFile; fileRef = D048FC7D250176910005D3B3 /* FavoriteListVC.swift */; };
		D048FC80250575810005D3B3 /* GFButton.swift in Sources */ = {isa = PBXBuildFile; fileRef = D048FC7F250575810005D3B3 /* GFButton.swift */; };
		D048FC82250578F80005D3B3 /* GFTextField.swift in Sources */ = {isa = PBXBuildFile; fileRef = D048FC81250578F80005D3B3 /* GFTextField.swift */; };
		D048FC84250583990005D3B3 /* FollowerListVC.swift in Sources */ = {isa = PBXBuildFile; fileRef = D048FC83250583990005D3B3 /* FollowerListVC.swift */; };
		D06920E72563116300EC1550 /* UIVIewController+Ext.swift in Sources */ = {isa = PBXBuildFile; fileRef = D06920E62563116300EC1550 /* UIVIewController+Ext.swift */; };
		D08D356E251A5EAF004364D7 /* GFTitleLabel.swift in Sources */ = {isa = PBXBuildFile; fileRef = D08D356D251A5EAF004364D7 /* GFTitleLabel.swift */; };
		D08D3572251A605F004364D7 /* GFBodyLabel.swift in Sources */ = {isa = PBXBuildFile; fileRef = D08D3571251A605F004364D7 /* GFBodyLabel.swift */; };
		D08D3576251A610A004364D7 /* GFAlertVC.swift in Sources */ = {isa = PBXBuildFile; fileRef = D08D3575251A610A004364D7 /* GFAlertVC.swift */; };
/* End PBXBuildFile section */

/* Begin PBXFileReference section */
		D048FC64250170930005D3B3 /* GHFollowersSecond.app */ = {isa = PBXFileReference; explicitFileType = wrapper.application; includeInIndex = 0; path = GHFollowersSecond.app; sourceTree = BUILT_PRODUCTS_DIR; };
		D048FC67250170930005D3B3 /* AppDelegate.swift */ = {isa = PBXFileReference; lastKnownFileType = sourcecode.swift; path = AppDelegate.swift; sourceTree = "<group>"; };
		D048FC69250170930005D3B3 /* SceneDelegate.swift */ = {isa = PBXFileReference; lastKnownFileType = sourcecode.swift; path = SceneDelegate.swift; sourceTree = "<group>"; };
		D048FC70250170960005D3B3 /* Assets.xcassets */ = {isa = PBXFileReference; lastKnownFileType = folder.assetcatalog; path = Assets.xcassets; sourceTree = "<group>"; };
		D048FC73250170960005D3B3 /* Base */ = {isa = PBXFileReference; lastKnownFileType = file.storyboard; name = Base; path = Base.lproj/LaunchScreen.storyboard; sourceTree = "<group>"; };
		D048FC75250170960005D3B3 /* Info.plist */ = {isa = PBXFileReference; lastKnownFileType = text.plist.xml; path = Info.plist; sourceTree = "<group>"; };
		D048FC7B2501764A0005D3B3 /* SearchVC.swift */ = {isa = PBXFileReference; lastKnownFileType = sourcecode.swift; path = SearchVC.swift; sourceTree = "<group>"; };
		D048FC7D250176910005D3B3 /* FavoriteListVC.swift */ = {isa = PBXFileReference; lastKnownFileType = sourcecode.swift; path = FavoriteListVC.swift; sourceTree = "<group>"; };
		D048FC7F250575810005D3B3 /* GFButton.swift */ = {isa = PBXFileReference; lastKnownFileType = sourcecode.swift; path = GFButton.swift; sourceTree = "<group>"; };
		D048FC81250578F80005D3B3 /* GFTextField.swift */ = {isa = PBXFileReference; lastKnownFileType = sourcecode.swift; path = GFTextField.swift; sourceTree = "<group>"; };
		D048FC83250583990005D3B3 /* FollowerListVC.swift */ = {isa = PBXFileReference; lastKnownFileType = sourcecode.swift; path = FollowerListVC.swift; sourceTree = "<group>"; };
		D06920E62563116300EC1550 /* UIVIewController+Ext.swift */ = {isa = PBXFileReference; lastKnownFileType = sourcecode.swift; path = "UIVIewController+Ext.swift"; sourceTree = "<group>"; };
		D08D356D251A5EAF004364D7 /* GFTitleLabel.swift */ = {isa = PBXFileReference; lastKnownFileType = sourcecode.swift; path = GFTitleLabel.swift; sourceTree = "<group>"; };
		D08D3571251A605F004364D7 /* GFBodyLabel.swift */ = {isa = PBXFileReference; lastKnownFileType = sourcecode.swift; path = GFBodyLabel.swift; sourceTree = "<group>"; };
		D08D3575251A610A004364D7 /* GFAlertVC.swift */ = {isa = PBXFileReference; lastKnownFileType = sourcecode.swift; path = GFAlertVC.swift; sourceTree = "<group>"; };
/* End PBXFileReference section */

/* Begin PBXFrameworksBuildPhase section */
		D048FC61250170930005D3B3 /* Frameworks */ = {
			isa = PBXFrameworksBuildPhase;
			buildActionMask = 2147483647;
			files = (
			);
			runOnlyForDeploymentPostprocessing = 0;
		};
/* End PBXFrameworksBuildPhase section */

/* Begin PBXGroup section */
		D048FC5B250170930005D3B3 = {
			isa = PBXGroup;
			children = (
				D048FC66250170930005D3B3 /* GHFollowersSecond */,
				D048FC65250170930005D3B3 /* Products */,
			);
			sourceTree = "<group>";
		};
		D048FC65250170930005D3B3 /* Products */ = {
			isa = PBXGroup;
			children = (
				D048FC64250170930005D3B3 /* GHFollowersSecond.app */,
			);
			name = Products;
			sourceTree = "<group>";
		};
		D048FC66250170930005D3B3 /* GHFollowersSecond */ = {
			isa = PBXGroup;
			children = (
				D048FC67250170930005D3B3 /* AppDelegate.swift */,
				D048FC69250170930005D3B3 /* SceneDelegate.swift */,
				D048FC70250170960005D3B3 /* Assets.xcassets */,
				D048FC72250170960005D3B3 /* LaunchScreen.storyboard */,
				D048FC75250170960005D3B3 /* Info.plist */,
				D048FC7B2501764A0005D3B3 /* SearchVC.swift */,
				D048FC7D250176910005D3B3 /* FavoriteListVC.swift */,
				D048FC7F250575810005D3B3 /* GFButton.swift */,
				D048FC81250578F80005D3B3 /* GFTextField.swift */,
				D048FC83250583990005D3B3 /* FollowerListVC.swift */,
				D08D356D251A5EAF004364D7 /* GFTitleLabel.swift */,
				D08D3571251A605F004364D7 /* GFBodyLabel.swift */,
				D08D3575251A610A004364D7 /* GFAlertVC.swift */,
				D06920E62563116300EC1550 /* UIVIewController+Ext.swift */,
			);
			path = GHFollowersSecond;
			sourceTree = "<group>";
		};
/* End PBXGroup section */

/* Begin PBXNativeTarget section */
		D048FC63250170930005D3B3 /* GHFollowersSecond */ = {
			isa = PBXNativeTarget;
			buildConfigurationList = D048FC78250170960005D3B3 /* Build configuration list for PBXNativeTarget "GHFollowersSecond" */;
			buildPhases = (
				D048FC60250170930005D3B3 /* Sources */,
				D048FC61250170930005D3B3 /* Frameworks */,
				D048FC62250170930005D3B3 /* Resources */,
			);
			buildRules = (
			);
			dependencies = (
			);
			name = GHFollowersSecond;
			productName = GHFollowersSecond;
			productReference = D048FC64250170930005D3B3 /* GHFollowersSecond.app */;
			productType = "com.apple.product-type.application";
		};
/* End PBXNativeTarget section */

/* Begin PBXProject section */
		D048FC5C250170930005D3B3 /* Project object */ = {
			isa = PBXProject;
			attributes = {
				LastSwiftUpdateCheck = 1170;
				LastUpgradeCheck = 1170;
				ORGANIZATIONNAME = "Junior Suarez-Leyva";
				TargetAttributes = {
					D048FC63250170930005D3B3 = {
						CreatedOnToolsVersion = 11.7;
					};
				};
			};
			buildConfigurationList = D048FC5F250170930005D3B3 /* Build configuration list for PBXProject "GHFollowersSecond" */;
			compatibilityVersion = "Xcode 9.3";
			developmentRegion = en;
			hasScannedForEncodings = 0;
			knownRegions = (
				en,
				Base,
			);
			mainGroup = D048FC5B250170930005D3B3;
			productRefGroup = D048FC65250170930005D3B3 /* Products */;
			projectDirPath = "";
			projectRoot = "";
			targets = (
				D048FC63250170930005D3B3 /* GHFollowersSecond */,
			);
		};
/* End PBXProject section */

/* Begin PBXResourcesBuildPhase section */
		D048FC62250170930005D3B3 /* Resources */ = {
			isa = PBXResourcesBuildPhase;
			buildActionMask = 2147483647;
			files = (
				D048FC74250170960005D3B3 /* LaunchScreen.storyboard in Resources */,
				D048FC71250170960005D3B3 /* Assets.xcassets in Resources */,
			);
			runOnlyForDeploymentPostprocessing = 0;
		};
/* End PBXResourcesBuildPhase section */

/* Begin PBXSourcesBuildPhase section */
		D048FC60250170930005D3B3 /* Sources */ = {
			isa = PBXSourcesBuildPhase;
			buildActionMask = 2147483647;
			files = (
				D048FC82250578F80005D3B3 /* GFTextField.swift in Sources */,
				D048FC7E250176910005D3B3 /* FavoriteListVC.swift in Sources */,
				D048FC80250575810005D3B3 /* GFButton.swift in Sources */,
				D06920E72563116300EC1550 /* UIVIewController+Ext.swift in Sources */,
				D048FC7C2501764A0005D3B3 /* SearchVC.swift in Sources */,
				D08D3576251A610A004364D7 /* GFAlertVC.swift in Sources */,
				D08D3572251A605F004364D7 /* GFBodyLabel.swift in Sources */,
				D08D356E251A5EAF004364D7 /* GFTitleLabel.swift in Sources */,
				D048FC84250583990005D3B3 /* FollowerListVC.swift in Sources */,
				D048FC68250170930005D3B3 /* AppDelegate.swift in Sources */,
				D048FC6A250170930005D3B3 /* SceneDelegate.swift in Sources */,
			);
			runOnlyForDeploymentPostprocessing = 0;
		};
/* End PBXSourcesBuildPhase section */

/* Begin PBXVariantGroup section */
		D048FC72250170960005D3B3 /* LaunchScreen.storyboard */ = {
			isa = PBXVariantGroup;
			children = (
				D048FC73250170960005D3B3 /* Base */,
			);
			name = LaunchScreen.storyboard;
			sourceTree = "<group>";
		};
/* End PBXVariantGroup section */

/* Begin XCBuildConfiguration section */
		D048FC76250170960005D3B3 /* Debug */ = {
			isa = XCBuildConfiguration;
			buildSettings = {
				ALWAYS_SEARCH_USER_PATHS = NO;
				CLANG_ANALYZER_NONNULL = YES;
				CLANG_ANALYZER_NUMBER_OBJECT_CONVERSION = YES_AGGRESSIVE;
				CLANG_CXX_LANGUAGE_STANDARD = "gnu++14";
				CLANG_CXX_LIBRARY = "libc++";
				CLANG_ENABLE_MODULES = YES;
				CLANG_ENABLE_OBJC_ARC = YES;
				CLANG_ENABLE_OBJC_WEAK = YES;
				CLANG_WARN_BLOCK_CAPTURE_AUTORELEASING = YES;
				CLANG_WARN_BOOL_CONVERSION = YES;
				CLANG_WARN_COMMA = YES;
				CLANG_WARN_CONSTANT_CONVERSION = YES;
				CLANG_WARN_DEPRECATED_OBJC_IMPLEMENTATIONS = YES;
				CLANG_WARN_DIRECT_OBJC_ISA_USAGE = YES_ERROR;
				CLANG_WARN_DOCUMENTATION_COMMENTS = YES;
				CLANG_WARN_EMPTY_BODY = YES;
				CLANG_WARN_ENUM_CONVERSION = YES;
				CLANG_WARN_INFINITE_RECURSION = YES;
				CLANG_WARN_INT_CONVERSION = YES;
				CLANG_WARN_NON_LITERAL_NULL_CONVERSION = YES;
				CLANG_WARN_OBJC_IMPLICIT_RETAIN_SELF = YES;
				CLANG_WARN_OBJC_LITERAL_CONVERSION = YES;
				CLANG_WARN_OBJC_ROOT_CLASS = YES_ERROR;
				CLANG_WARN_RANGE_LOOP_ANALYSIS = YES;
				CLANG_WARN_STRICT_PROTOTYPES = YES;
				CLANG_WARN_SUSPICIOUS_MOVE = YES;
				CLANG_WARN_UNGUARDED_AVAILABILITY = YES_AGGRESSIVE;
				CLANG_WARN_UNREACHABLE_CODE = YES;
				CLANG_WARN__DUPLICATE_METHOD_MATCH = YES;
				COPY_PHASE_STRIP = NO;
				DEBUG_INFORMATION_FORMAT = dwarf;
				ENABLE_STRICT_OBJC_MSGSEND = YES;
				ENABLE_TESTABILITY = YES;
				GCC_C_LANGUAGE_STANDARD = gnu11;
				GCC_DYNAMIC_NO_PIC = NO;
				GCC_NO_COMMON_BLOCKS = YES;
				GCC_OPTIMIZATION_LEVEL = 0;
				GCC_PREPROCESSOR_DEFINITIONS = (
					"DEBUG=1",
					"$(inherited)",
				);
				GCC_WARN_64_TO_32_BIT_CONVERSION = YES;
				GCC_WARN_ABOUT_RETURN_TYPE = YES_ERROR;
				GCC_WARN_UNDECLARED_SELECTOR = YES;
				GCC_WARN_UNINITIALIZED_AUTOS = YES_AGGRESSIVE;
				GCC_WARN_UNUSED_FUNCTION = YES;
				GCC_WARN_UNUSED_VARIABLE = YES;
				IPHONEOS_DEPLOYMENT_TARGET = 13.7;
				MTL_ENABLE_DEBUG_INFO = INCLUDE_SOURCE;
				MTL_FAST_MATH = YES;
				ONLY_ACTIVE_ARCH = YES;
				SDKROOT = iphoneos;
				SWIFT_ACTIVE_COMPILATION_CONDITIONS = DEBUG;
				SWIFT_OPTIMIZATION_LEVEL = "-Onone";
			};
			name = Debug;
		};
		D048FC77250170960005D3B3 /* Release */ = {
			isa = XCBuildConfiguration;
			buildSettings = {
				ALWAYS_SEARCH_USER_PATHS = NO;
				CLANG_ANALYZER_NONNULL = YES;
				CLANG_ANALYZER_NUMBER_OBJECT_CONVERSION = YES_AGGRESSIVE;
				CLANG_CXX_LANGUAGE_STANDARD = "gnu++14";
				CLANG_CXX_LIBRARY = "libc++";
				CLANG_ENABLE_MODULES = YES;
				CLANG_ENABLE_OBJC_ARC = YES;
				CLANG_ENABLE_OBJC_WEAK = YES;
				CLANG_WARN_BLOCK_CAPTURE_AUTORELEASING = YES;
				CLANG_WARN_BOOL_CONVERSION = YES;
				CLANG_WARN_COMMA = YES;
				CLANG_WARN_CONSTANT_CONVERSION = YES;
				CLANG_WARN_DEPRECATED_OBJC_IMPLEMENTATIONS = YES;
				CLANG_WARN_DIRECT_OBJC_ISA_USAGE = YES_ERROR;
				CLANG_WARN_DOCUMENTATION_COMMENTS = YES;
				CLANG_WARN_EMPTY_BODY = YES;
				CLANG_WARN_ENUM_CONVERSION = YES;
				CLANG_WARN_INFINITE_RECURSION = YES;
				CLANG_WARN_INT_CONVERSION = YES;
				CLANG_WARN_NON_LITERAL_NULL_CONVERSION = YES;
				CLANG_WARN_OBJC_IMPLICIT_RETAIN_SELF = YES;
				CLANG_WARN_OBJC_LITERAL_CONVERSION = YES;
				CLANG_WARN_OBJC_ROOT_CLASS = YES_ERROR;
				CLANG_WARN_RANGE_LOOP_ANALYSIS = YES;
				CLANG_WARN_STRICT_PROTOTYPES = YES;
				CLANG_WARN_SUSPICIOUS_MOVE = YES;
				CLANG_WARN_UNGUARDED_AVAILABILITY = YES_AGGRESSIVE;
				CLANG_WARN_UNREACHABLE_CODE = YES;
				CLANG_WARN__DUPLICATE_METHOD_MATCH = YES;
				COPY_PHASE_STRIP = NO;
				DEBUG_INFORMATION_FORMAT = "dwarf-with-dsym";
				ENABLE_NS_ASSERTIONS = NO;
				ENABLE_STRICT_OBJC_MSGSEND = YES;
				GCC_C_LANGUAGE_STANDARD = gnu11;
				GCC_NO_COMMON_BLOCKS = YES;
				GCC_WARN_64_TO_32_BIT_CONVERSION = YES;
				GCC_WARN_ABOUT_RETURN_TYPE = YES_ERROR;
				GCC_WARN_UNDECLARED_SELECTOR = YES;
				GCC_WARN_UNINITIALIZED_AUTOS = YES_AGGRESSIVE;
				GCC_WARN_UNUSED_FUNCTION = YES;
				GCC_WARN_UNUSED_VARIABLE = YES;
				IPHONEOS_DEPLOYMENT_TARGET = 13.7;
				MTL_ENABLE_DEBUG_INFO = NO;
				MTL_FAST_MATH = YES;
				SDKROOT = iphoneos;
				SWIFT_COMPILATION_MODE = wholemodule;
				SWIFT_OPTIMIZATION_LEVEL = "-O";
				VALIDATE_PRODUCT = YES;
			};
			name = Release;
		};
		D048FC79250170960005D3B3 /* Debug */ = {
			isa = XCBuildConfiguration;
			buildSettings = {
				ASSETCATALOG_COMPILER_APPICON_NAME = AppIcon;
				CODE_SIGN_STYLE = Automatic;
				DEVELOPMENT_TEAM = FXHHZQB8GN;
				INFOPLIST_FILE = GHFollowersSecond/Info.plist;
				LD_RUNPATH_SEARCH_PATHS = (
					"$(inherited)",
					"@executable_path/Frameworks",
				);
				PRODUCT_BUNDLE_IDENTIFIER = com.juniorsuarezleyva.GHFollowersSecond;
				PRODUCT_NAME = "$(TARGET_NAME)";
				SWIFT_VERSION = 5.0;
				TARGETED_DEVICE_FAMILY = "1,2";
			};
			name = Debug;
		};
		D048FC7A250170960005D3B3 /* Release */ = {
			isa = XCBuildConfiguration;
			buildSettings = {
				ASSETCATALOG_COMPILER_APPICON_NAME = AppIcon;
				CODE_SIGN_STYLE = Automatic;
				DEVELOPMENT_TEAM = FXHHZQB8GN;
				INFOPLIST_FILE = GHFollowersSecond/Info.plist;
				LD_RUNPATH_SEARCH_PATHS = (
					"$(inherited)",
					"@executable_path/Frameworks",
				);
				PRODUCT_BUNDLE_IDENTIFIER = com.juniorsuarezleyva.GHFollowersSecond;
				PRODUCT_NAME = "$(TARGET_NAME)";
				SWIFT_VERSION = 5.0;
				TARGETED_DEVICE_FAMILY = "1,2";
			};
			name = Release;
		};
/* End XCBuildConfiguration section */

/* Begin XCConfigurationList section */
		D048FC5F250170930005D3B3 /* Build configuration list for PBXProject "GHFollowersSecond" */ = {
			isa = XCConfigurationList;
			buildConfigurations = (
				D048FC76250170960005D3B3 /* Debug */,
				D048FC77250170960005D3B3 /* Release */,
			);
			defaultConfigurationIsVisible = 0;
			defaultConfigurationName = Release;
		};
		D048FC78250170960005D3B3 /* Build configuration list for PBXNativeTarget "GHFollowersSecond" */ = {
			isa = XCConfigurationList;
			buildConfigurations = (
				D048FC79250170960005D3B3 /* Debug */,
				D048FC7A250170960005D3B3 /* Release */,
			);
			defaultConfigurationIsVisible = 0;
			defaultConfigurationName = Release;
		};
/* End XCConfigurationList section */
	};
	rootObject = D048FC5C250170930005D3B3 /* Project object */;
}
